
Microsoft Visual Studio Solution File, Format Version 12.00
# Visual Studio Version 17
VisualStudioVersion = 17.10.35122.118
MinimumVisualStudioVersion = 10.0.40219.1
Project("{FAE04EC0-301F-11D3-BF4B-00C04F79EFBC}") = "WorkAPI", "WorkAPI.csproj", "{BFDC000B-1661-4D00-B2BB-5C08ADAB398B}"
EndProject
Global
	GlobalSection(SolutionConfigurationPlatforms) = preSolution
		Debug|Any CPU = Debug|Any CPU
		Release|Any CPU = Release|Any CPU
	EndGlobalSection
	GlobalSection(ProjectConfigurationPlatforms) = postSolution
		{BFDC000B-1661-4D00-B2BB-5C08ADAB398B}.Debug|Any CPU.ActiveCfg = Debug|Any CPU
		{BFDC000B-1661-4D00-B2BB-5C08ADAB398B}.Debug|Any CPU.Build.0 = Debug|Any CPU
		{BFDC000B-1661-4D00-B2BB-5C08ADAB398B}.Release|Any CPU.ActiveCfg = Release|Any CPU
		{BFDC000B-1661-4D00-B2BB-5C08ADAB398B}.Release|Any CPU.Build.0 = Release|Any CPU
	EndGlobalSection
	GlobalSection(SolutionProperties) = preSolution
		HideSolutionNode = FALSE
	EndGlobalSection
	GlobalSection(ExtensibilityGlobals) = postSolution
		SolutionGuid = {0EFF1AFD-B812-4F0D-A1AA-0499838042BF}
	EndGlobalSection
EndGlobal
